
Microsoft Visual Studio Solution File, Format Version 12.00
# Visual Studio Version 17
VisualStudioVersion = 17.11.35312.102
MinimumVisualStudioVersion = 10.0.40219.1
Project("{FAE04EC0-301F-11D3-BF4B-00C04F79EFBC}") = "matriz", "matriz\matriz.csproj", "{0AB8F8C2-C12C-4957-AC46-60E284EEA1BB}"
EndProject
Global
	GlobalSection(SolutionConfigurationPlatforms) = preSolution
		Debug|Any CPU = Debug|Any CPU
		Release|Any CPU = Release|Any CPU
	EndGlobalSection
	GlobalSection(ProjectConfigurationPlatforms) = postSolution
		{0AB8F8C2-C12C-4957-AC46-60E284EEA1BB}.Debug|Any CPU.ActiveCfg = Debug|Any CPU
		{0AB8F8C2-C12C-4957-AC46-60E284EEA1BB}.Debug|Any CPU.Build.0 = Debug|Any CPU
		{0AB8F8C2-C12C-4957-AC46-60E284EEA1BB}.Release|Any CPU.ActiveCfg = Release|Any CPU
		{0AB8F8C2-C12C-4957-AC46-60E284EEA1BB}.Release|Any CPU.Build.0 = Release|Any CPU
	EndGlobalSection
	GlobalSection(SolutionProperties) = preSolution
		HideSolutionNode = FALSE
	EndGlobalSection
	GlobalSection(ExtensibilityGlobals) = postSolution
		SolutionGuid = {D0B40D6C-DB02-406A-993D-E0B8A98777B1}
	EndGlobalSection
EndGlobal
